
Microsoft Visual Studio Solution File, Format Version 12.00
Project("{FAE04EC0-301F-11D3-BF4B-00C04F79EFBC}") = "ConsoleRender", "ConsoleRender.csproj", "{27423AF8-ED8B-4A78-866B-E87E9B7F3020}"
EndProject
Global
	GlobalSection(SolutionConfigurationPlatforms) = preSolution
		Debug|Any CPU = Debug|Any CPU
		Release|Any CPU = Release|Any CPU
	EndGlobalSection
	GlobalSection(ProjectConfigurationPlatforms) = postSolution
		{27423AF8-ED8B-4A78-866B-E87E9B7F3020}.Debug|Any CPU.ActiveCfg = Debug|Any CPU
		{27423AF8-ED8B-4A78-866B-E87E9B7F3020}.Debug|Any CPU.Build.0 = Debug|Any CPU
		{27423AF8-ED8B-4A78-866B-E87E9B7F3020}.Release|Any CPU.ActiveCfg = Release|Any CPU
		{27423AF8-ED8B-4A78-866B-E87E9B7F3020}.Release|Any CPU.Build.0 = Release|Any CPU
	EndGlobalSection
EndGlobal
